// !$*UTF8*$!
{
	archiveVersion = 1;
	classes = {
	};
	objectVersion = 56;
	objects = {

/* Begin PBXBuildFile section */
		4104FDC02C3FD9B100FBF4A9 /* NumberInput.swift in Sources */ = {isa = PBXBuildFile; fileRef = 4104FDBF2C3FD9B100FBF4A9 /* NumberInput.swift */; };
		418488432C355C2700508564 /* SongView.swift in Sources */ = {isa = PBXBuildFile; fileRef = 418488422C355C2700508564 /* SongView.swift */; };
		419C5FE02C34FF2000BECC46 /* Christian Bhajan.app in Embed Watch Content */ = {isa = PBXBuildFile; fileRef = 419C5FDF2C34FF2000BECC46 /* Christian Bhajan.app */; settings = {ATTRIBUTES = (RemoveHeadersOnCopy, ); }; };
		419C5FE52C34FF2000BECC46 /* NepaliChristianApp.swift in Sources */ = {isa = PBXBuildFile; fileRef = 419C5FE42C34FF2000BECC46 /* NepaliChristianApp.swift */; };
		419C5FE92C34FF2200BECC46 /* Assets.xcassets in Resources */ = {isa = PBXBuildFile; fileRef = 419C5FE82C34FF2200BECC46 /* Assets.xcassets */; };
		419C5FEC2C34FF2200BECC46 /* Preview Assets.xcassets in Resources */ = {isa = PBXBuildFile; fileRef = 419C5FEB2C34FF2200BECC46 /* Preview Assets.xcassets */; };
		419C5FFB2C35065200BECC46 /* HomeView.swift in Sources */ = {isa = PBXBuildFile; fileRef = 419C5FFA2C35065200BECC46 /* HomeView.swift */; };
		419C60002C352DEB00BECC46 /* Song.swift in Sources */ = {isa = PBXBuildFile; fileRef = 419C5FFF2C352DEB00BECC46 /* Song.swift */; };
		419C60032C353CCB00BECC46 /* songs.json in Resources */ = {isa = PBXBuildFile; fileRef = 419C60022C353CCB00BECC46 /* songs.json */; };
		419C60052C353CF600BECC46 /* ModelData.swift in Sources */ = {isa = PBXBuildFile; fileRef = 419C60042C353CF600BECC46 /* ModelData.swift */; };
		419C60082C3543C500BECC46 /* SongsListView.swift in Sources */ = {isa = PBXBuildFile; fileRef = 419C60072C3543C500BECC46 /* SongsListView.swift */; };
		419C600C2C3547DE00BECC46 /* OrderedCollections in Frameworks */ = {isa = PBXBuildFile; productRef = 419C600B2C3547DE00BECC46 /* OrderedCollections */; };
/* End PBXBuildFile section */

/* Begin PBXContainerItemProxy section */
		419C5FE12C34FF2000BECC46 /* PBXContainerItemProxy */ = {
			isa = PBXContainerItemProxy;
			containerPortal = 419C5FD32C34FF1F00BECC46 /* Project object */;
			proxyType = 1;
			remoteGlobalIDString = 419C5FDE2C34FF2000BECC46;
			remoteInfo = "NepaliChristian Watch App";
		};
/* End PBXContainerItemProxy section */

/* Begin PBXCopyFilesBuildPhase section */
		419C5FF22C34FF2200BECC46 /* Embed Watch Content */ = {
			isa = PBXCopyFilesBuildPhase;
			buildActionMask = 2147483647;
			dstPath = "$(CONTENTS_FOLDER_PATH)/Watch";
			dstSubfolderSpec = 16;
			files = (
				419C5FE02C34FF2000BECC46 /* Christian Bhajan.app in Embed Watch Content */,
			);
			name = "Embed Watch Content";
			runOnlyForDeploymentPostprocessing = 0;
		};
/* End PBXCopyFilesBuildPhase section */

/* Begin PBXFileReference section */
		4104FDBF2C3FD9B100FBF4A9 /* NumberInput.swift */ = {isa = PBXFileReference; lastKnownFileType = sourcecode.swift; path = NumberInput.swift; sourceTree = "<group>"; };
		418488422C355C2700508564 /* SongView.swift */ = {isa = PBXFileReference; lastKnownFileType = sourcecode.swift; path = SongView.swift; sourceTree = "<group>"; };
		419C5FD92C34FF2000BECC46 /* ChristianBhajan.app */ = {isa = PBXFileReference; explicitFileType = wrapper.application; includeInIndex = 0; path = ChristianBhajan.app; sourceTree = BUILT_PRODUCTS_DIR; };
		419C5FDF2C34FF2000BECC46 /* Christian Bhajan.app */ = {isa = PBXFileReference; explicitFileType = wrapper.application; includeInIndex = 0; path = "Christian Bhajan.app"; sourceTree = BUILT_PRODUCTS_DIR; };
		419C5FE42C34FF2000BECC46 /* NepaliChristianApp.swift */ = {isa = PBXFileReference; lastKnownFileType = sourcecode.swift; path = NepaliChristianApp.swift; sourceTree = "<group>"; };
		419C5FE82C34FF2200BECC46 /* Assets.xcassets */ = {isa = PBXFileReference; lastKnownFileType = folder.assetcatalog; path = Assets.xcassets; sourceTree = "<group>"; };
		419C5FEB2C34FF2200BECC46 /* Preview Assets.xcassets */ = {isa = PBXFileReference; lastKnownFileType = folder.assetcatalog; path = "Preview Assets.xcassets"; sourceTree = "<group>"; };
		419C5FFA2C35065200BECC46 /* HomeView.swift */ = {isa = PBXFileReference; lastKnownFileType = sourcecode.swift; path = HomeView.swift; sourceTree = "<group>"; };
		419C5FFF2C352DEB00BECC46 /* Song.swift */ = {isa = PBXFileReference; lastKnownFileType = sourcecode.swift; path = Song.swift; sourceTree = "<group>"; };
		419C60022C353CCB00BECC46 /* songs.json */ = {isa = PBXFileReference; fileEncoding = 4; lastKnownFileType = text.json; path = songs.json; sourceTree = "<group>"; };
		419C60042C353CF600BECC46 /* ModelData.swift */ = {isa = PBXFileReference; lastKnownFileType = sourcecode.swift; path = ModelData.swift; sourceTree = "<group>"; };
		419C60072C3543C500BECC46 /* SongsListView.swift */ = {isa = PBXFileReference; lastKnownFileType = sourcecode.swift; path = SongsListView.swift; sourceTree = "<group>"; };
/* End PBXFileReference section */

/* Begin PBXFrameworksBuildPhase section */
		419C5FDC2C34FF2000BECC46 /* Frameworks */ = {
			isa = PBXFrameworksBuildPhase;
			buildActionMask = 2147483647;
			files = (
				419C600C2C3547DE00BECC46 /* OrderedCollections in Frameworks */,
			);
			runOnlyForDeploymentPostprocessing = 0;
		};
/* End PBXFrameworksBuildPhase section */

/* Begin PBXGroup section */
		4104FDBE2C3FD99500FBF4A9 /* Common */ = {
			isa = PBXGroup;
			children = (
				4104FDBF2C3FD9B100FBF4A9 /* NumberInput.swift */,
			);
			path = Common;
			sourceTree = "<group>";
		};
		419C5FD22C34FF1F00BECC46 = {
			isa = PBXGroup;
			children = (
				419C5FE32C34FF2000BECC46 /* NepaliChristian Watch App */,
				419C5FDA2C34FF2000BECC46 /* Products */,
				419C600A2C3547DE00BECC46 /* Frameworks */,
			);
			sourceTree = "<group>";
		};
		419C5FDA2C34FF2000BECC46 /* Products */ = {
			isa = PBXGroup;
			children = (
				419C5FD92C34FF2000BECC46 /* ChristianBhajan.app */,
				419C5FDF2C34FF2000BECC46 /* Christian Bhajan.app */,
			);
			name = Products;
			sourceTree = "<group>";
		};
		419C5FE32C34FF2000BECC46 /* NepaliChristian Watch App */ = {
			isa = PBXGroup;
			children = (
				419C60012C353CB400BECC46 /* Data */,
				419C5FFC2C352DBF00BECC46 /* Models */,
				419C5FF62C35038900BECC46 /* Views */,
				419C5FE42C34FF2000BECC46 /* NepaliChristianApp.swift */,
				419C5FE82C34FF2200BECC46 /* Assets.xcassets */,
				419C5FEA2C34FF2200BECC46 /* Preview Content */,
			);
			path = "NepaliChristian Watch App";
			sourceTree = "<group>";
		};
		419C5FEA2C34FF2200BECC46 /* Preview Content */ = {
			isa = PBXGroup;
			children = (
				419C5FEB2C34FF2200BECC46 /* Preview Assets.xcassets */,
			);
			path = "Preview Content";
			sourceTree = "<group>";
		};
		419C5FF62C35038900BECC46 /* Views */ = {
			isa = PBXGroup;
			children = (
				4104FDBE2C3FD99500FBF4A9 /* Common */,
				419C60062C3543AB00BECC46 /* Songs */,
				419C5FF72C35039800BECC46 /* Home */,
			);
			path = Views;
			sourceTree = "<group>";
		};
		419C5FF72C35039800BECC46 /* Home */ = {
			isa = PBXGroup;
			children = (
				419C5FFA2C35065200BECC46 /* HomeView.swift */,
			);
			path = Home;
			sourceTree = "<group>";
		};
		419C5FFC2C352DBF00BECC46 /* Models */ = {
			isa = PBXGroup;
			children = (
				419C5FFF2C352DEB00BECC46 /* Song.swift */,
			);
			path = Models;
			sourceTree = "<group>";
		};
		419C60012C353CB400BECC46 /* Data */ = {
			isa = PBXGroup;
			children = (
				419C60022C353CCB00BECC46 /* songs.json */,
				419C60042C353CF600BECC46 /* ModelData.swift */,
			);
			path = Data;
			sourceTree = "<group>";
		};
		419C60062C3543AB00BECC46 /* Songs */ = {
			isa = PBXGroup;
			children = (
				419C60072C3543C500BECC46 /* SongsListView.swift */,
				418488422C355C2700508564 /* SongView.swift */,
			);
			path = Songs;
			sourceTree = "<group>";
		};
		419C600A2C3547DE00BECC46 /* Frameworks */ = {
			isa = PBXGroup;
			children = (
			);
			name = Frameworks;
			sourceTree = "<group>";
		};
/* End PBXGroup section */

/* Begin PBXNativeTarget section */
		419C5FD82C34FF2000BECC46 /* ChristianBhajan */ = {
			isa = PBXNativeTarget;
			buildConfigurationList = 419C5FF32C34FF2200BECC46 /* Build configuration list for PBXNativeTarget "ChristianBhajan" */;
			buildPhases = (
				419C5FD72C34FF2000BECC46 /* Resources */,
				419C5FF22C34FF2200BECC46 /* Embed Watch Content */,
			);
			buildRules = (
			);
			dependencies = (
				419C5FE22C34FF2000BECC46 /* PBXTargetDependency */,
			);
			name = ChristianBhajan;
			productName = NepaliChristian;
			productReference = 419C5FD92C34FF2000BECC46 /* ChristianBhajan.app */;
			productType = "com.apple.product-type.application.watchapp2-container";
		};
		419C5FDE2C34FF2000BECC46 /* ChristianBhajan Watch App */ = {
			isa = PBXNativeTarget;
			buildConfigurationList = 419C5FEF2C34FF2200BECC46 /* Build configuration list for PBXNativeTarget "ChristianBhajan Watch App" */;
			buildPhases = (
				419C5FDB2C34FF2000BECC46 /* Sources */,
				419C5FDC2C34FF2000BECC46 /* Frameworks */,
				419C5FDD2C34FF2000BECC46 /* Resources */,
			);
			buildRules = (
			);
			dependencies = (
			);
			name = "ChristianBhajan Watch App";
			packageProductDependencies = (
				419C600B2C3547DE00BECC46 /* OrderedCollections */,
			);
			productName = "NepaliChristian Watch App";
			productReference = 419C5FDF2C34FF2000BECC46 /* Christian Bhajan.app */;
			productType = "com.apple.product-type.application";
		};
/* End PBXNativeTarget section */

/* Begin PBXProject section */
		419C5FD32C34FF1F00BECC46 /* Project object */ = {
			isa = PBXProject;
			attributes = {
				BuildIndependentTargetsInParallel = 1;
				LastSwiftUpdateCheck = 1540;
				LastUpgradeCheck = 1540;
				TargetAttributes = {
					419C5FD82C34FF2000BECC46 = {
						CreatedOnToolsVersion = 15.4;
					};
					419C5FDE2C34FF2000BECC46 = {
						CreatedOnToolsVersion = 15.4;
					};
				};
			};
			buildConfigurationList = 419C5FD62C34FF1F00BECC46 /* Build configuration list for PBXProject "ChristianBhajan" */;
			compatibilityVersion = "Xcode 14.0";
			developmentRegion = en;
			hasScannedForEncodings = 0;
			knownRegions = (
				en,
				Base,
			);
			mainGroup = 419C5FD22C34FF1F00BECC46;
			packageReferences = (
				419C60092C3547A400BECC46 /* XCRemoteSwiftPackageReference "swift-collections" */,
			);
			productRefGroup = 419C5FDA2C34FF2000BECC46 /* Products */;
			projectDirPath = "";
			projectRoot = "";
			targets = (
				419C5FD82C34FF2000BECC46 /* ChristianBhajan */,
				419C5FDE2C34FF2000BECC46 /* ChristianBhajan Watch App */,
			);
		};
/* End PBXProject section */

/* Begin PBXResourcesBuildPhase section */
		419C5FD72C34FF2000BECC46 /* Resources */ = {
			isa = PBXResourcesBuildPhase;
			buildActionMask = 2147483647;
			files = (
			);
			runOnlyForDeploymentPostprocessing = 0;
		};
		419C5FDD2C34FF2000BECC46 /* Resources */ = {
			isa = PBXResourcesBuildPhase;
			buildActionMask = 2147483647;
			files = (
				419C5FEC2C34FF2200BECC46 /* Preview Assets.xcassets in Resources */,
				419C5FE92C34FF2200BECC46 /* Assets.xcassets in Resources */,
				419C60032C353CCB00BECC46 /* songs.json in Resources */,
			);
			runOnlyForDeploymentPostprocessing = 0;
		};
/* End PBXResourcesBuildPhase section */

/* Begin PBXSourcesBuildPhase section */
		419C5FDB2C34FF2000BECC46 /* Sources */ = {
			isa = PBXSourcesBuildPhase;
			buildActionMask = 2147483647;
			files = (
				419C60002C352DEB00BECC46 /* Song.swift in Sources */,
				419C60052C353CF600BECC46 /* ModelData.swift in Sources */,
				419C60082C3543C500BECC46 /* SongsListView.swift in Sources */,
				418488432C355C2700508564 /* SongView.swift in Sources */,
				419C5FE52C34FF2000BECC46 /* NepaliChristianApp.swift in Sources */,
				4104FDC02C3FD9B100FBF4A9 /* NumberInput.swift in Sources */,
				419C5FFB2C35065200BECC46 /* HomeView.swift in Sources */,
			);
			runOnlyForDeploymentPostprocessing = 0;
		};
/* End PBXSourcesBuildPhase section */

/* Begin PBXTargetDependency section */
		419C5FE22C34FF2000BECC46 /* PBXTargetDependency */ = {
			isa = PBXTargetDependency;
			target = 419C5FDE2C34FF2000BECC46 /* ChristianBhajan Watch App */;
			targetProxy = 419C5FE12C34FF2000BECC46 /* PBXContainerItemProxy */;
		};
/* End PBXTargetDependency section */

/* Begin XCBuildConfiguration section */
		419C5FED2C34FF2200BECC46 /* Debug */ = {
			isa = XCBuildConfiguration;
			buildSettings = {
				ALWAYS_SEARCH_USER_PATHS = NO;
				ASSETCATALOG_COMPILER_GENERATE_SWIFT_ASSET_SYMBOL_EXTENSIONS = YES;
				CLANG_ANALYZER_NONNULL = YES;
				CLANG_ANALYZER_NUMBER_OBJECT_CONVERSION = YES_AGGRESSIVE;
				CLANG_CXX_LANGUAGE_STANDARD = "gnu++20";
				CLANG_ENABLE_MODULES = YES;
				CLANG_ENABLE_OBJC_ARC = YES;
				CLANG_ENABLE_OBJC_WEAK = YES;
				CLANG_WARN_BLOCK_CAPTURE_AUTORELEASING = YES;
				CLANG_WARN_BOOL_CONVERSION = YES;
				CLANG_WARN_COMMA = YES;
				CLANG_WARN_CONSTANT_CONVERSION = YES;
				CLANG_WARN_DEPRECATED_OBJC_IMPLEMENTATIONS = YES;
				CLANG_WARN_DIRECT_OBJC_ISA_USAGE = YES_ERROR;
				CLANG_WARN_DOCUMENTATION_COMMENTS = YES;
				CLANG_WARN_EMPTY_BODY = YES;
				CLANG_WARN_ENUM_CONVERSION = YES;
				CLANG_WARN_INFINITE_RECURSION = YES;
				CLANG_WARN_INT_CONVERSION = YES;
				CLANG_WARN_NON_LITERAL_NULL_CONVERSION = YES;
				CLANG_WARN_OBJC_IMPLICIT_RETAIN_SELF = YES;
				CLANG_WARN_OBJC_LITERAL_CONVERSION = YES;
				CLANG_WARN_OBJC_ROOT_CLASS = YES_ERROR;
				CLANG_WARN_QUOTED_INCLUDE_IN_FRAMEWORK_HEADER = YES;
				CLANG_WARN_RANGE_LOOP_ANALYSIS = YES;
				CLANG_WARN_STRICT_PROTOTYPES = YES;
				CLANG_WARN_SUSPICIOUS_MOVE = YES;
				CLANG_WARN_UNGUARDED_AVAILABILITY = YES_AGGRESSIVE;
				CLANG_WARN_UNREACHABLE_CODE = YES;
				CLANG_WARN__DUPLICATE_METHOD_MATCH = YES;
				COPY_PHASE_STRIP = NO;
				DEBUG_INFORMATION_FORMAT = dwarf;
				ENABLE_STRICT_OBJC_MSGSEND = YES;
				ENABLE_TESTABILITY = YES;
				ENABLE_USER_SCRIPT_SANDBOXING = YES;
				GCC_C_LANGUAGE_STANDARD = gnu17;
				GCC_DYNAMIC_NO_PIC = NO;
				GCC_NO_COMMON_BLOCKS = YES;
				GCC_OPTIMIZATION_LEVEL = 0;
				GCC_PREPROCESSOR_DEFINITIONS = (
					"DEBUG=1",
					"$(inherited)",
				);
				GCC_WARN_64_TO_32_BIT_CONVERSION = YES;
				GCC_WARN_ABOUT_RETURN_TYPE = YES_ERROR;
				GCC_WARN_UNDECLARED_SELECTOR = YES;
				GCC_WARN_UNINITIALIZED_AUTOS = YES_AGGRESSIVE;
				GCC_WARN_UNUSED_FUNCTION = YES;
				GCC_WARN_UNUSED_VARIABLE = YES;
				LOCALIZATION_PREFERS_STRING_CATALOGS = YES;
				MTL_ENABLE_DEBUG_INFO = INCLUDE_SOURCE;
				MTL_FAST_MATH = YES;
				ONLY_ACTIVE_ARCH = YES;
				SWIFT_ACTIVE_COMPILATION_CONDITIONS = "DEBUG $(inherited)";
				SWIFT_OPTIMIZATION_LEVEL = "-Onone";
			};
			name = Debug;
		};
		419C5FEE2C34FF2200BECC46 /* Release */ = {
			isa = XCBuildConfiguration;
			buildSettings = {
				ALWAYS_SEARCH_USER_PATHS = NO;
				ASSETCATALOG_COMPILER_GENERATE_SWIFT_ASSET_SYMBOL_EXTENSIONS = YES;
				CLANG_ANALYZER_NONNULL = YES;
				CLANG_ANALYZER_NUMBER_OBJECT_CONVERSION = YES_AGGRESSIVE;
				CLANG_CXX_LANGUAGE_STANDARD = "gnu++20";
				CLANG_ENABLE_MODULES = YES;
				CLANG_ENABLE_OBJC_ARC = YES;
				CLANG_ENABLE_OBJC_WEAK = YES;
				CLANG_WARN_BLOCK_CAPTURE_AUTORELEASING = YES;
				CLANG_WARN_BOOL_CONVERSION = YES;
				CLANG_WARN_COMMA = YES;
				CLANG_WARN_CONSTANT_CONVERSION = YES;
				CLANG_WARN_DEPRECATED_OBJC_IMPLEMENTATIONS = YES;
				CLANG_WARN_DIRECT_OBJC_ISA_USAGE = YES_ERROR;
				CLANG_WARN_DOCUMENTATION_COMMENTS = YES;
				CLANG_WARN_EMPTY_BODY = YES;
				CLANG_WARN_ENUM_CONVERSION = YES;
				CLANG_WARN_INFINITE_RECURSION = YES;
				CLANG_WARN_INT_CONVERSION = YES;
				CLANG_WARN_NON_LITERAL_NULL_CONVERSION = YES;
				CLANG_WARN_OBJC_IMPLICIT_RETAIN_SELF = YES;
				CLANG_WARN_OBJC_LITERAL_CONVERSION = YES;
				CLANG_WARN_OBJC_ROOT_CLASS = YES_ERROR;
				CLANG_WARN_QUOTED_INCLUDE_IN_FRAMEWORK_HEADER = YES;
				CLANG_WARN_RANGE_LOOP_ANALYSIS = YES;
				CLANG_WARN_STRICT_PROTOTYPES = YES;
				CLANG_WARN_SUSPICIOUS_MOVE = YES;
				CLANG_WARN_UNGUARDED_AVAILABILITY = YES_AGGRESSIVE;
				CLANG_WARN_UNREACHABLE_CODE = YES;
				CLANG_WARN__DUPLICATE_METHOD_MATCH = YES;
				COPY_PHASE_STRIP = NO;
				DEBUG_INFORMATION_FORMAT = "dwarf-with-dsym";
				ENABLE_NS_ASSERTIONS = NO;
				ENABLE_STRICT_OBJC_MSGSEND = YES;
				ENABLE_USER_SCRIPT_SANDBOXING = YES;
				GCC_C_LANGUAGE_STANDARD = gnu17;
				GCC_NO_COMMON_BLOCKS = YES;
				GCC_WARN_64_TO_32_BIT_CONVERSION = YES;
				GCC_WARN_ABOUT_RETURN_TYPE = YES_ERROR;
				GCC_WARN_UNDECLARED_SELECTOR = YES;
				GCC_WARN_UNINITIALIZED_AUTOS = YES_AGGRESSIVE;
				GCC_WARN_UNUSED_FUNCTION = YES;
				GCC_WARN_UNUSED_VARIABLE = YES;
				LOCALIZATION_PREFERS_STRING_CATALOGS = YES;
				MTL_ENABLE_DEBUG_INFO = NO;
				MTL_FAST_MATH = YES;
				SWIFT_COMPILATION_MODE = wholemodule;
			};
			name = Release;
		};
		419C5FF02C34FF2200BECC46 /* Debug */ = {
			isa = XCBuildConfiguration;
			buildSettings = {
				ASSETCATALOG_COMPILER_APPICON_NAME = AppIcon;
				ASSETCATALOG_COMPILER_GLOBAL_ACCENT_COLOR_NAME = AccentColor;
				CODE_SIGN_STYLE = Automatic;
				CURRENT_PROJECT_VERSION = 1;
				DEVELOPMENT_ASSET_PATHS = "\"NepaliChristian Watch App/Preview Content\"";
				DEVELOPMENT_TEAM = HY6R8F84V3;
				ENABLE_PREVIEWS = YES;
				GENERATE_INFOPLIST_FILE = YES;
				INFOPLIST_KEY_CFBundleDisplayName = "Christian Bhajan";
				INFOPLIST_KEY_UISupportedInterfaceOrientations = "UIInterfaceOrientationPortrait UIInterfaceOrientationPortraitUpsideDown";
				INFOPLIST_KEY_WKWatchOnly = YES;
				LD_RUNPATH_SEARCH_PATHS = (
					"$(inherited)",
					"@executable_path/Frameworks",
				);
				MARKETING_VERSION = 1.0;
				PRODUCT_BUNDLE_IDENTIFIER = com.neumosys.christianbhajan.watchkitapp;
				PRODUCT_NAME = "Christian Bhajan";
				SDKROOT = watchos;
				SKIP_INSTALL = YES;
				SWIFT_EMIT_LOC_STRINGS = YES;
				SWIFT_VERSION = 5.0;
				TARGETED_DEVICE_FAMILY = 4;
				WATCHOS_DEPLOYMENT_TARGET = 10.5;
			};
			name = Debug;
		};
		419C5FF12C34FF2200BECC46 /* Release */ = {
			isa = XCBuildConfiguration;
			buildSettings = {
				ASSETCATALOG_COMPILER_APPICON_NAME = AppIcon;
				ASSETCATALOG_COMPILER_GLOBAL_ACCENT_COLOR_NAME = AccentColor;
				CODE_SIGN_STYLE = Automatic;
				CURRENT_PROJECT_VERSION = 1;
				DEVELOPMENT_ASSET_PATHS = "\"NepaliChristian Watch App/Preview Content\"";
				DEVELOPMENT_TEAM = HY6R8F84V3;
				ENABLE_PREVIEWS = YES;
				GENERATE_INFOPLIST_FILE = YES;
				INFOPLIST_KEY_CFBundleDisplayName = "Christian Bhajan";
				INFOPLIST_KEY_UISupportedInterfaceOrientations = "UIInterfaceOrientationPortrait UIInterfaceOrientationPortraitUpsideDown";
				INFOPLIST_KEY_WKWatchOnly = YES;
				LD_RUNPATH_SEARCH_PATHS = (
					"$(inherited)",
					"@executable_path/Frameworks",
				);
				MARKETING_VERSION = 1.0;
				PRODUCT_BUNDLE_IDENTIFIER = com.neumosys.christianbhajan.watchkitapp;
				PRODUCT_NAME = "Christian Bhajan";
				SDKROOT = watchos;
				SKIP_INSTALL = YES;
				SWIFT_EMIT_LOC_STRINGS = YES;
				SWIFT_VERSION = 5.0;
				TARGETED_DEVICE_FAMILY = 4;
				VALIDATE_PRODUCT = YES;
				WATCHOS_DEPLOYMENT_TARGET = 10.5;
			};
			name = Release;
		};
		419C5FF42C34FF2200BECC46 /* Debug */ = {
			isa = XCBuildConfiguration;
			buildSettings = {
				ALWAYS_EMBED_SWIFT_STANDARD_LIBRARIES = YES;
				CODE_SIGN_STYLE = Automatic;
				CURRENT_PROJECT_VERSION = 1;
				DEVELOPMENT_TEAM = HY6R8F84V3;
				INFOPLIST_KEY_CFBundleDisplayName = "Christian Bhajan";
				MARKETING_VERSION = 1.0;
				PRODUCT_BUNDLE_IDENTIFIER = com.neumosys.christianbhajan;
				PRODUCT_NAME = "$(TARGET_NAME)";
				SDKROOT = iphoneos;
				SWIFT_VERSION = 5.0;
			};
			name = Debug;
		};
		419C5FF52C34FF2200BECC46 /* Release */ = {
			isa = XCBuildConfiguration;
			buildSettings = {
				ALWAYS_EMBED_SWIFT_STANDARD_LIBRARIES = YES;
				CODE_SIGN_STYLE = Automatic;
				CURRENT_PROJECT_VERSION = 1;
				DEVELOPMENT_TEAM = HY6R8F84V3;
				INFOPLIST_KEY_CFBundleDisplayName = "Christian Bhajan";
				MARKETING_VERSION = 1.0;
				PRODUCT_BUNDLE_IDENTIFIER = com.neumosys.christianbhajan;
				PRODUCT_NAME = "$(TARGET_NAME)";
				SDKROOT = iphoneos;
				SWIFT_VERSION = 5.0;
				VALIDATE_PRODUCT = YES;
			};
			name = Release;
		};
/* End XCBuildConfiguration section */

/* Begin XCConfigurationList section */
		419C5FD62C34FF1F00BECC46 /* Build configuration list for PBXProject "ChristianBhajan" */ = {
			isa = XCConfigurationList;
			buildConfigurations = (
				419C5FED2C34FF2200BECC46 /* Debug */,
				419C5FEE2C34FF2200BECC46 /* Release */,
			);
			defaultConfigurationIsVisible = 0;
			defaultConfigurationName = Release;
		};
		419C5FEF2C34FF2200BECC46 /* Build configuration list for PBXNativeTarget "ChristianBhajan Watch App" */ = {
			isa = XCConfigurationList;
			buildConfigurations = (
				419C5FF02C34FF2200BECC46 /* Debug */,
				419C5FF12C34FF2200BECC46 /* Release */,
			);
			defaultConfigurationIsVisible = 0;
			defaultConfigurationName = Release;
		};
		419C5FF32C34FF2200BECC46 /* Build configuration list for PBXNativeTarget "ChristianBhajan" */ = {
			isa = XCConfigurationList;
			buildConfigurations = (
				419C5FF42C34FF2200BECC46 /* Debug */,
				419C5FF52C34FF2200BECC46 /* Release */,
			);
			defaultConfigurationIsVisible = 0;
			defaultConfigurationName = Release;
		};
/* End XCConfigurationList section */

/* Begin XCRemoteSwiftPackageReference section */
		419C60092C3547A400BECC46 /* XCRemoteSwiftPackageReference "swift-collections" */ = {
			isa = XCRemoteSwiftPackageReference;
			repositoryURL = "https://github.com/apple/swift-collections.git";
			requirement = {
				kind = upToNextMajorVersion;
				minimumVersion = 1.1.1;
			};
		};
/* End XCRemoteSwiftPackageReference section */

/* Begin XCSwiftPackageProductDependency section */
		419C600B2C3547DE00BECC46 /* OrderedCollections */ = {
			isa = XCSwiftPackageProductDependency;
			package = 419C60092C3547A400BECC46 /* XCRemoteSwiftPackageReference "swift-collections" */;
			productName = OrderedCollections;
		};
/* End XCSwiftPackageProductDependency section */
	};
	rootObject = 419C5FD32C34FF1F00BECC46 /* Project object */;
}
